
Microsoft Visual Studio Solution File, Format Version 12.00
# Visual Studio Version 17
VisualStudioVersion = 17.5.33516.290
MinimumVisualStudioVersion = 10.0.40219.1
Project("{9A19103F-16F7-4668-BE54-9A1E7A4F7556}") = "AutoByte", "AutoByte\AutoByte.csproj", "{F1B14AC4-B34A-498A-AE99-713D3485F950}"
EndProject
Global
	GlobalSection(SolutionConfigurationPlatforms) = preSolution
		Debug|Any CPU = Debug|Any CPU
		Release|Any CPU = Release|Any CPU
	EndGlobalSection
	GlobalSection(ProjectConfigurationPlatforms) = postSolution
		{F1B14AC4-B34A-498A-AE99-713D3485F950}.Debug|Any CPU.ActiveCfg = Debug|Any CPU
		{F1B14AC4-B34A-498A-AE99-713D3485F950}.Debug|Any CPU.Build.0 = Debug|Any CPU
		{F1B14AC4-B34A-498A-AE99-713D3485F950}.Release|Any CPU.ActiveCfg = Release|Any CPU
		{F1B14AC4-B34A-498A-AE99-713D3485F950}.Release|Any CPU.Build.0 = Release|Any CPU
	EndGlobalSection
	GlobalSection(SolutionProperties) = preSolution
		HideSolutionNode = FALSE
	EndGlobalSection
	GlobalSection(ExtensibilityGlobals) = postSolution
		SolutionGuid = {76253556-6134-4F21-97B8-3D69043151E0}
	EndGlobalSection
EndGlobal
